
Microsoft Visual Studio Solution File, Format Version 12.00
# Visual Studio 15
VisualStudioVersion = 15.0.28010.2050
MinimumVisualStudioVersion = 10.0.40219.1
Project("{FAE04EC0-301F-11D3-BF4B-00C04F79EFBC}") = "CommonSnappableTypes", "CommonSnappableTypes\CommonSnappableTypes.csproj", "{1CCF5B1B-E680-4B1C-AF5A-74C7BC76D0DC}"
EndProject
Project("{FAE04EC0-301F-11D3-BF4B-00C04F79EFBC}") = "CSharpSnapIn", "CSharpSnapIn\CSharpSnapIn.csproj", "{956C80B7-85DC-4332-9C8B-184FB0183424}"
EndProject
Project("{F184B08F-C81C-45F6-A57F-5ABD9991F28F}") = "VbSnapIn", "VbSnapIn\VbSnapIn.vbproj", "{BC401228-7A3E-46D2-85F6-C399599FF998}"
EndProject
Project("{FAE04EC0-301F-11D3-BF4B-00C04F79EFBC}") = "MyExtendableApp", "MyExtendableApp\MyExtendableApp.csproj", "{E6DAC824-B2E0-4B7C-880D-4B4B4244FECB}"
	ProjectSection(ProjectDependencies) = postProject
		{BC401228-7A3E-46D2-85F6-C399599FF998} = {BC401228-7A3E-46D2-85F6-C399599FF998}
		{956C80B7-85DC-4332-9C8B-184FB0183424} = {956C80B7-85DC-4332-9C8B-184FB0183424}
	EndProjectSection
EndProject
Global
	GlobalSection(SolutionConfigurationPlatforms) = preSolution
		Debug|Any CPU = Debug|Any CPU
		Release|Any CPU = Release|Any CPU
	EndGlobalSection
	GlobalSection(ProjectConfigurationPlatforms) = postSolution
		{1CCF5B1B-E680-4B1C-AF5A-74C7BC76D0DC}.Debug|Any CPU.ActiveCfg = Debug|Any CPU
		{1CCF5B1B-E680-4B1C-AF5A-74C7BC76D0DC}.Debug|Any CPU.Build.0 = Debug|Any CPU
		{1CCF5B1B-E680-4B1C-AF5A-74C7BC76D0DC}.Release|Any CPU.ActiveCfg = Release|Any CPU
		{1CCF5B1B-E680-4B1C-AF5A-74C7BC76D0DC}.Release|Any CPU.Build.0 = Release|Any CPU
		{956C80B7-85DC-4332-9C8B-184FB0183424}.Debug|Any CPU.ActiveCfg = Debug|Any CPU
		{956C80B7-85DC-4332-9C8B-184FB0183424}.Debug|Any CPU.Build.0 = Debug|Any CPU
		{956C80B7-85DC-4332-9C8B-184FB0183424}.Release|Any CPU.ActiveCfg = Release|Any CPU
		{956C80B7-85DC-4332-9C8B-184FB0183424}.Release|Any CPU.Build.0 = Release|Any CPU
		{BC401228-7A3E-46D2-85F6-C399599FF998}.Debug|Any CPU.ActiveCfg = Debug|Any CPU
		{BC401228-7A3E-46D2-85F6-C399599FF998}.Debug|Any CPU.Build.0 = Debug|Any CPU
		{BC401228-7A3E-46D2-85F6-C399599FF998}.Release|Any CPU.ActiveCfg = Release|Any CPU
		{BC401228-7A3E-46D2-85F6-C399599FF998}.Release|Any CPU.Build.0 = Release|Any CPU
		{E6DAC824-B2E0-4B7C-880D-4B4B4244FECB}.Debug|Any CPU.ActiveCfg = Debug|Any CPU
		{E6DAC824-B2E0-4B7C-880D-4B4B4244FECB}.Debug|Any CPU.Build.0 = Debug|Any CPU
		{E6DAC824-B2E0-4B7C-880D-4B4B4244FECB}.Release|Any CPU.ActiveCfg = Release|Any CPU
		{E6DAC824-B2E0-4B7C-880D-4B4B4244FECB}.Release|Any CPU.Build.0 = Release|Any CPU
	EndGlobalSection
	GlobalSection(SolutionProperties) = preSolution
		HideSolutionNode = FALSE
	EndGlobalSection
	GlobalSection(ExtensibilityGlobals) = postSolution
		SolutionGuid = {66BD20FE-E9B1-427F-B477-563B58A1875C}
	EndGlobalSection
EndGlobal
